
Microsoft Visual Studio Solution File, Format Version 12.00
# Visual Studio 15
VisualStudioVersion = 15.0.34112.143
MinimumVisualStudioVersion = 10.0.40219.1
Project("{FAE04EC0-301F-11D3-BF4B-00C04F79EFBC}") = "ToDoList", "ToDoList\ToDoList.csproj", "{9D2E5887-D1DC-4892-8E04-DACF09AFFDE5}"
EndProject
Global
	GlobalSection(SolutionConfigurationPlatforms) = preSolution
		Debug|Any CPU = Debug|Any CPU
		Release|Any CPU = Release|Any CPU
	EndGlobalSection
	GlobalSection(ProjectConfigurationPlatforms) = postSolution
		{9D2E5887-D1DC-4892-8E04-DACF09AFFDE5}.Debug|Any CPU.ActiveCfg = Debug|Any CPU
		{9D2E5887-D1DC-4892-8E04-DACF09AFFDE5}.Debug|Any CPU.Build.0 = Debug|Any CPU
		{9D2E5887-D1DC-4892-8E04-DACF09AFFDE5}.Release|Any CPU.ActiveCfg = Release|Any CPU
		{9D2E5887-D1DC-4892-8E04-DACF09AFFDE5}.Release|Any CPU.Build.0 = Release|Any CPU
	EndGlobalSection
	GlobalSection(SolutionProperties) = preSolution
		HideSolutionNode = FALSE
	EndGlobalSection
	GlobalSection(ExtensibilityGlobals) = postSolution
		SolutionGuid = {7F624F92-3B79-49E5-83DF-3355168F646C}
	EndGlobalSection
EndGlobal
